
Microsoft Visual Studio Solution File, Format Version 12.00
Project("{FAE04EC0-301F-11D3-BF4B-00C04F79EFBC}") = "måleusikkerhet", "måleusikkerhet\måleusikkerhet\måleusikkerhet.csproj", "{1F3CD9C6-308F-435C-96D5-44B2151EDC34}"
EndProject
Project("{FAE04EC0-301F-11D3-BF4B-00C04F79EFBC}") = "måleusikkerhet.Android", "måleusikkerhet\måleusikkerhet.Android\måleusikkerhet.Android.csproj", "{C23E110F-B8C7-4142-A13D-303EA71149A1}"
EndProject
Project("{FAE04EC0-301F-11D3-BF4B-00C04F79EFBC}") = "måleusikkerhet.Desktop", "måleusikkerhet\måleusikkerhet.Desktop\måleusikkerhet.Desktop.csproj", "{BB438FFA-70DF-4676-AEDF-77C9BB63DA1D}"
EndProject
Project("{FAE04EC0-301F-11D3-BF4B-00C04F79EFBC}") = "måleusikkerhet.iOS", "måleusikkerhet\måleusikkerhet.iOS\måleusikkerhet.iOS.csproj", "{69E6B8FB-397C-4302-9466-936FACD0ABE6}"
EndProject
Project("{FAE04EC0-301F-11D3-BF4B-00C04F79EFBC}") = "måleusikkerhet.Web", "måleusikkerhet\måleusikkerhet.Web\måleusikkerhet.Web.csproj", "{B61F9E88-4765-4776-A542-EE6981450BDB}"
EndProject
Global
	GlobalSection(SolutionConfigurationPlatforms) = preSolution
		Debug|Any CPU = Debug|Any CPU
		Release|Any CPU = Release|Any CPU
	EndGlobalSection
	GlobalSection(ProjectConfigurationPlatforms) = postSolution
		{1F3CD9C6-308F-435C-96D5-44B2151EDC34}.Debug|Any CPU.ActiveCfg = Debug|Any CPU
		{1F3CD9C6-308F-435C-96D5-44B2151EDC34}.Debug|Any CPU.Build.0 = Debug|Any CPU
		{1F3CD9C6-308F-435C-96D5-44B2151EDC34}.Release|Any CPU.ActiveCfg = Release|Any CPU
		{1F3CD9C6-308F-435C-96D5-44B2151EDC34}.Release|Any CPU.Build.0 = Release|Any CPU
		{C23E110F-B8C7-4142-A13D-303EA71149A1}.Debug|Any CPU.ActiveCfg = Debug|Any CPU
		{C23E110F-B8C7-4142-A13D-303EA71149A1}.Debug|Any CPU.Build.0 = Debug|Any CPU
		{C23E110F-B8C7-4142-A13D-303EA71149A1}.Debug|Any CPU.Deploy.0 = Debug|Any CPU
		{C23E110F-B8C7-4142-A13D-303EA71149A1}.Release|Any CPU.ActiveCfg = Release|Any CPU
		{C23E110F-B8C7-4142-A13D-303EA71149A1}.Release|Any CPU.Build.0 = Release|Any CPU
		{C23E110F-B8C7-4142-A13D-303EA71149A1}.Release|Any CPU.Deploy.0 = Release|Any CPU
		{BB438FFA-70DF-4676-AEDF-77C9BB63DA1D}.Debug|Any CPU.ActiveCfg = Debug|Any CPU
		{BB438FFA-70DF-4676-AEDF-77C9BB63DA1D}.Debug|Any CPU.Build.0 = Debug|Any CPU
		{BB438FFA-70DF-4676-AEDF-77C9BB63DA1D}.Release|Any CPU.ActiveCfg = Release|Any CPU
		{BB438FFA-70DF-4676-AEDF-77C9BB63DA1D}.Release|Any CPU.Build.0 = Release|Any CPU
		{69E6B8FB-397C-4302-9466-936FACD0ABE6}.Debug|Any CPU.ActiveCfg = Debug|Any CPU
		{69E6B8FB-397C-4302-9466-936FACD0ABE6}.Debug|Any CPU.Build.0 = Debug|Any CPU
		{69E6B8FB-397C-4302-9466-936FACD0ABE6}.Debug|Any CPU.Deploy.0 = Debug|Any CPU
		{69E6B8FB-397C-4302-9466-936FACD0ABE6}.Release|Any CPU.ActiveCfg = Release|Any CPU
		{69E6B8FB-397C-4302-9466-936FACD0ABE6}.Release|Any CPU.Build.0 = Release|Any CPU
		{69E6B8FB-397C-4302-9466-936FACD0ABE6}.Release|Any CPU.Deploy.0 = Release|Any CPU
		{B61F9E88-4765-4776-A542-EE6981450BDB}.Debug|Any CPU.ActiveCfg = Debug|Any CPU
		{B61F9E88-4765-4776-A542-EE6981450BDB}.Debug|Any CPU.Build.0 = Debug|Any CPU
		{B61F9E88-4765-4776-A542-EE6981450BDB}.Release|Any CPU.ActiveCfg = Release|Any CPU
		{B61F9E88-4765-4776-A542-EE6981450BDB}.Release|Any CPU.Build.0 = Release|Any CPU
	EndGlobalSection
EndGlobal
